
Microsoft Visual Studio Solution File, Format Version 12.00
# Visual Studio Version 17
VisualStudioVersion = 17.3.32825.248
MinimumVisualStudioVersion = 10.0.40219.1
Project("{FAE04EC0-301F-11D3-BF4B-00C04F79EFBC}") = "PreParty", "PreParty\PreParty.csproj", "{CEE3A13B-4FEF-4816-B0D4-5F908C47FCCE}"
EndProject
Global
	GlobalSection(SolutionConfigurationPlatforms) = preSolution
		Debug|Any CPU = Debug|Any CPU
		Release|Any CPU = Release|Any CPU
	EndGlobalSection
	GlobalSection(ProjectConfigurationPlatforms) = postSolution
		{CEE3A13B-4FEF-4816-B0D4-5F908C47FCCE}.Debug|Any CPU.ActiveCfg = Debug|Any CPU
		{CEE3A13B-4FEF-4816-B0D4-5F908C47FCCE}.Debug|Any CPU.Build.0 = Debug|Any CPU
		{CEE3A13B-4FEF-4816-B0D4-5F908C47FCCE}.Release|Any CPU.ActiveCfg = Release|Any CPU
		{CEE3A13B-4FEF-4816-B0D4-5F908C47FCCE}.Release|Any CPU.Build.0 = Release|Any CPU
	EndGlobalSection
	GlobalSection(SolutionProperties) = preSolution
		HideSolutionNode = FALSE
	EndGlobalSection
	GlobalSection(ExtensibilityGlobals) = postSolution
		SolutionGuid = {F313D096-7875-4827-85FA-A97AB8F8571B}
	EndGlobalSection
EndGlobal
